
Microsoft Visual Studio Solution File, Format Version 12.00
# Visual Studio Version 17
VisualStudioVersion = 17.9.34607.119
MinimumVisualStudioVersion = 10.0.40219.1
Project("{FAE04EC0-301F-11D3-BF4B-00C04F79EFBC}") = "Espela_EDP_ACT4", "Espela_EDP_ACT4.csproj", "{66869849-2770-4916-B669-473C7182336E}"
EndProject
Global
	GlobalSection(SolutionConfigurationPlatforms) = preSolution
		Debug|Any CPU = Debug|Any CPU
		Release|Any CPU = Release|Any CPU
	EndGlobalSection
	GlobalSection(ProjectConfigurationPlatforms) = postSolution
		{66869849-2770-4916-B669-473C7182336E}.Debug|Any CPU.ActiveCfg = Debug|Any CPU
		{66869849-2770-4916-B669-473C7182336E}.Debug|Any CPU.Build.0 = Debug|Any CPU
		{66869849-2770-4916-B669-473C7182336E}.Release|Any CPU.ActiveCfg = Release|Any CPU
		{66869849-2770-4916-B669-473C7182336E}.Release|Any CPU.Build.0 = Release|Any CPU
	EndGlobalSection
	GlobalSection(SolutionProperties) = preSolution
		HideSolutionNode = FALSE
	EndGlobalSection
	GlobalSection(ExtensibilityGlobals) = postSolution
		SolutionGuid = {25D9097E-7A22-44F7-AC7D-56E12C03F649}
	EndGlobalSection
EndGlobal
